{
  "version": 4,
  "terraform_version": "1.1.3",
  "serial": 16,
  "lineage": "015555bb-b595-4759-eb2f-1b505be76139",
  "outputs": {},
  "resources": [
    {
      "mode": "data",
      "type": "azurerm_resource_group",
      "name": "example",
      "provider": "provider[\"registry.terraform.io/hashicorp/azurerm\"]",
      "instances": [
        {
          "schema_version": 0,
          "attributes": {
            "id": "/subscriptions/e9737076-d38e-4e5a-9a45-e211fc9d59b1/resourceGroups/sanu",
            "location": "eastus",
            "name": "sanu",
            "tags": {},
            "timeouts": null
          },
          "sensitive_attributes": []
        }
      ]
    },
    {
      "mode": "data",
      "type": "azurerm_subnet",
      "name": "example",
      "provider": "provider[\"registry.terraform.io/hashicorp/azurerm\"]",
      "instances": [
        {
          "schema_version": 0,
          "attributes": {
            "address_prefix": "10.1.1.0/24",
            "address_prefixes": [
              "10.1.1.0/24"
            ],
            "enforce_private_link_endpoint_network_policies": false,
            "enforce_private_link_service_network_policies": false,
            "id": "/subscriptions/e9737076-d38e-4e5a-9a45-e211fc9d59b1/resourceGroups/sanu/providers/Microsoft.Network/virtualNetworks/sanu/subnets/sanu",
            "name": "sanu",
            "network_security_group_id": "",
            "resource_group_name": "sanu",
            "route_table_id": "",
            "service_endpoints": [],
            "timeouts": null,
            "virtual_network_name": "sanu"
          },
          "sensitive_attributes": []
        }
      ]
    },
    {
      "mode": "data",
      "type": "azurerm_virtual_network",
      "name": "example",
      "provider": "provider[\"registry.terraform.io/hashicorp/azurerm\"]",
      "instances": [
        {
          "schema_version": 0,
          "attributes": {
            "address_space": [
              "10.1.0.0/16"
            ],
            "dns_servers": null,
            "guid": "6dc518df-a363-4a19-8a19-1a5a5be187ba",
            "id": "/subscriptions/e9737076-d38e-4e5a-9a45-e211fc9d59b1/resourceGroups/sanu/providers/Microsoft.Network/virtualNetworks/sanu",
            "location": "eastus",
            "name": "sanu",
            "resource_group_name": "sanu",
            "subnets": [
              "default",
              "sanu"
            ],
            "timeouts": null,
            "vnet_peerings": {}
          },
          "sensitive_attributes": []
        }
      ]
    },
    {
      "mode": "managed",
      "type": "azurerm_marketplace_agreement",
      "name": "dellemc",
      "provider": "provider[\"registry.terraform.io/hashicorp/azurerm\"]",
      "instances": [
        {
          "schema_version": 0,
          "attributes": {
            "id": "/subscriptions/e9737076-d38e-4e5a-9a45-e211fc9d59b1/providers/Microsoft.MarketplaceOrdering/agreements/dellemc/offers/dell-emc-datadomain-virtual-edition-v4/plans/ddve-60-ver-7305",
            "license_text_link": "https://mpcprodsa.blob.core.windows.net/legalterms/3E5ED_legalterms_DELLEMC%253a24DELL%253a2DEMC%253a2DDATADOMAIN%253a2DVIRTUAL%253a2DEDITION%253a2DV4%253a24DDVE%253a2D60%253a2DVER%253a2D7305%253a24LPLVK2WH5AJZ3PGTDAYIPQCZR3R6BHHKGQSRKHYOKU2FU6UYGABI3TCKZVLZKH3GWKJ5QY2MCWZA4CVQCMXEDGYTDR5NXN6NVRC7HYA.txt",
            "offer": "dell-emc-datadomain-virtual-edition-v4",
            "plan": "ddve-60-ver-7305",
            "privacy_policy_link": "https://www.dell.com/learn/us/en/uscorp1/policies-privacy?s=corp",
            "publisher": "dellemc",
            "timeouts": null
          },
          "sensitive_attributes": [],
          "private": "eyJlMmJmYjczMC1lY2FhLTExZTYtOGY4OC0zNDM2M2JjN2M0YzAiOnsiY3JlYXRlIjoxODAwMDAwMDAwMDAwLCJkZWxldGUiOjE4MDAwMDAwMDAwMDAsInJlYWQiOjMwMDAwMDAwMDAwMCwidXBkYXRlIjoxODAwMDAwMDAwMDAwfX0="
        }
      ]
    },
    {
      "mode": "managed",
      "type": "azurerm_network_interface",
      "name": "main",
      "provider": "provider[\"registry.terraform.io/hashicorp/azurerm\"]",
      "instances": [
        {
          "schema_version": 0,
          "attributes": {
            "applied_dns_servers": [],
            "dns_servers": [],
            "enable_accelerated_networking": false,
            "enable_ip_forwarding": false,
            "id": "/subscriptions/e9737076-d38e-4e5a-9a45-e211fc9d59b1/resourceGroups/sanu/providers/Microsoft.Network/networkInterfaces/rtyey",
            "internal_dns_name_label": "",
            "internal_domain_name_suffix": "12mmk1ldummuvcqzdjnfxymhxc.bx.internal.cloudapp.net",
            "ip_configuration": [
              {
                "gateway_load_balancer_frontend_ip_configuration_id": "",
                "name": "tetycfgh",
                "primary": true,
                "private_ip_address": "10.1.1.5",
                "private_ip_address_allocation": "Dynamic",
                "private_ip_address_version": "IPv4",
                "public_ip_address_id": "",
                "subnet_id": "/subscriptions/e9737076-d38e-4e5a-9a45-e211fc9d59b1/resourceGroups/sanu/providers/Microsoft.Network/virtualNetworks/sanu/subnets/sanu"
              }
            ],
            "location": "eastus",
            "mac_address": "",
            "name": "rtyey",
            "private_ip_address": "10.1.1.5",
            "private_ip_addresses": [
              "10.1.1.5"
            ],
            "resource_group_name": "sanu",
            "tags": null,
            "timeouts": null,
            "virtual_machine_id": ""
          },
          "sensitive_attributes": [],
          "private": "eyJlMmJmYjczMC1lY2FhLTExZTYtOGY4OC0zNDM2M2JjN2M0YzAiOnsiY3JlYXRlIjoxODAwMDAwMDAwMDAwLCJkZWxldGUiOjE4MDAwMDAwMDAwMDAsInJlYWQiOjMwMDAwMDAwMDAwMCwidXBkYXRlIjoxODAwMDAwMDAwMDAwfX0=",
          "dependencies": [
            "data.azurerm_resource_group.example",
            "data.azurerm_subnet.example"
          ]
        }
      ]
    },
    {
      "mode": "managed",
      "type": "azurerm_virtual_machine",
      "name": "main",
      "provider": "provider[\"registry.terraform.io/hashicorp/azurerm\"]",
      "instances": [
        {
          "schema_version": 0,
          "attributes": {
            "additional_capabilities": [],
            "availability_set_id": null,
            "boot_diagnostics": [],
            "delete_data_disks_on_termination": false,
            "delete_os_disk_on_termination": false,
            "id": "/subscriptions/e9737076-d38e-4e5a-9a45-e211fc9d59b1/resourceGroups/sanu/providers/Microsoft.Compute/virtualMachines/ytrilouyfg",
            "identity": [],
            "license_type": null,
            "location": "eastus",
            "name": "ytrilouyfg",
            "network_interface_ids": [
              "/subscriptions/e9737076-d38e-4e5a-9a45-e211fc9d59b1/resourceGroups/sanu/providers/Microsoft.Network/networkInterfaces/rtyey"
            ],
            "os_profile": [
              {
                "admin_password": "",
                "admin_username": "testadmin",
                "computer_name": "hostname",
                "custom_data": ""
              }
            ],
            "os_profile_linux_config": [
              {
                "disable_password_authentication": false,
                "ssh_keys": []
              }
            ],
            "os_profile_secrets": [],
            "os_profile_windows_config": [],
            "plan": [
              {
                "name": "ddve-60-ver-7305",
                "product": "dell-emc-datadomain-virtual-edition-v4",
                "publisher": "dellemc"
              }
            ],
            "primary_network_interface_id": null,
            "proximity_placement_group_id": null,
            "resource_group_name": "sanu",
            "storage_data_disk": [
              {
                "caching": "None",
                "create_option": "FromImage",
                "disk_size_gb": 10,
                "lun": 0,
                "managed_disk_id": "/subscriptions/e9737076-d38e-4e5a-9a45-e211fc9d59b1/resourceGroups/sanu/providers/Microsoft.Compute/disks/ytrilouyfg_lun_0_2_ac9c7f32be1941a3b8538f222d6af097",
                "managed_disk_type": "Premium_LRS",
                "name": "ytrilouyfg_lun_0_2_ac9c7f32be1941a3b8538f222d6af097",
                "vhd_uri": "",
                "write_accelerator_enabled": false
              }
            ],
            "storage_image_reference": [
              {
                "id": "",
                "offer": "dell-emc-datadomain-virtual-edition-v4",
                "publisher": "dellemc",
                "sku": "ddve-60-ver-7305",
                "version": "latest"
              }
            ],
            "storage_os_disk": [
              {
                "caching": "ReadWrite",
                "create_option": "FromImage",
                "disk_size_gb": 250,
                "image_uri": "",
                "managed_disk_id": "/subscriptions/e9737076-d38e-4e5a-9a45-e211fc9d59b1/resourceGroups/sanu/providers/Microsoft.Compute/disks/ewrwqewe",
                "managed_disk_type": "Standard_LRS",
                "name": "ewrwqewe",
                "os_type": "Linux",
                "vhd_uri": "",
                "write_accelerator_enabled": false
              }
            ],
            "tags": {
              "environment": "staging"
            },
            "timeouts": null,
            "vm_size": "Standard_DS1_v2",
            "zones": null
          },
          "sensitive_attributes": [],
          "private": "eyJlMmJmYjczMC1lY2FhLTExZTYtOGY4OC0zNDM2M2JjN2M0YzAiOnsiY3JlYXRlIjozNjAwMDAwMDAwMDAwLCJkZWxldGUiOjM2MDAwMDAwMDAwMDAsInJlYWQiOjMwMDAwMDAwMDAwMCwidXBkYXRlIjozNjAwMDAwMDAwMDAwfX0=",
          "dependencies": [
            "azurerm_network_interface.main",
            "data.azurerm_resource_group.example",
            "data.azurerm_subnet.example"
          ]
        }
      ]
    }
  ]
}
