{
  "version": 4,
  "terraform_version": "1.1.3",
  "serial": 23,
  "lineage": "54f8ef06-b7d6-0b26-e7b8-89fbebcd392f",
  "outputs": {},
  "resources": [
    {
      "mode": "managed",
      "type": "azurerm_marketplace_agreement",
      "name": "dellemc",
      "provider": "provider[\"registry.terraform.io/hashicorp/azurerm\"]",
      "instances": [
        {
          "schema_version": 0,
          "attributes": {
            "id": "/subscriptions/e9737076-d38e-4e5a-9a45-e211fc9d59b1/providers/Microsoft.MarketplaceOrdering/agreements/dellemc/offers/dell-emc-datadomain-virtual-edition-v4/plans/ddve-60-ver-7305",
            "license_text_link": "https://mpcprodsa.blob.core.windows.net/legalterms/3E5ED_legalterms_DELLEMC%253a24DELL%253a2DEMC%253a2DDATADOMAIN%253a2DVIRTUAL%253a2DEDITION%253a2DV4%253a24DDVE%253a2D60%253a2DVER%253a2D7305%253a24LPLVK2WH5AJZ3PGTDAYIPQCZR3R6BHHKGQSRKHYOKU2FU6UYGABI3TCKZVLZKH3GWKJ5QY2MCWZA4CVQCMXEDGYTDR5NXN6NVRC7HYA.txt",
            "offer": "dell-emc-datadomain-virtual-edition-v4",
            "plan": "ddve-60-ver-7305",
            "privacy_policy_link": "https://www.dell.com/learn/us/en/uscorp1/policies-privacy?s=corp",
            "publisher": "dellemc",
            "timeouts": null
          },
          "sensitive_attributes": [],
          "private": "eyJlMmJmYjczMC1lY2FhLTExZTYtOGY4OC0zNDM2M2JjN2M0YzAiOnsiY3JlYXRlIjoxODAwMDAwMDAwMDAwLCJkZWxldGUiOjE4MDAwMDAwMDAwMDAsInJlYWQiOjMwMDAwMDAwMDAwMCwidXBkYXRlIjoxODAwMDAwMDAwMDAwfX0="
        }
      ]
    },
    {
      "mode": "managed",
      "type": "azurerm_network_interface",
      "name": "main",
      "provider": "provider[\"registry.terraform.io/hashicorp/azurerm\"]",
      "instances": [
        {
          "schema_version": 0,
          "attributes": {
            "applied_dns_servers": [],
            "dns_servers": [],
            "enable_accelerated_networking": false,
            "enable_ip_forwarding": false,
            "id": "/subscriptions/e9737076-d38e-4e5a-9a45-e211fc9d59b1/resourceGroups/DD_RG/providers/Microsoft.Network/networkInterfaces/DD_Nic",
            "internal_dns_name_label": "",
            "internal_domain_name_suffix": "aupuk0xug0gudbwyukom3gdxfc.ax.internal.cloudapp.net",
            "ip_configuration": [
              {
                "gateway_load_balancer_frontend_ip_configuration_id": "",
                "name": "testconfiguration1",
                "primary": true,
                "private_ip_address": "10.0.2.4",
                "private_ip_address_allocation": "Dynamic",
                "private_ip_address_version": "IPv4",
                "public_ip_address_id": "",
                "subnet_id": "/subscriptions/e9737076-d38e-4e5a-9a45-e211fc9d59b1/resourceGroups/DD_RG/providers/Microsoft.Network/virtualNetworks/DD_Net/subnets/DD_Sub"
              }
            ],
            "location": "westeurope",
            "mac_address": "",
            "name": "DD_Nic",
            "private_ip_address": "10.0.2.4",
            "private_ip_addresses": [
              "10.0.2.4"
            ],
            "resource_group_name": "DD_RG",
            "tags": null,
            "timeouts": null,
            "virtual_machine_id": ""
          },
          "sensitive_attributes": [],
          "private": "eyJlMmJmYjczMC1lY2FhLTExZTYtOGY4OC0zNDM2M2JjN2M0YzAiOnsiY3JlYXRlIjoxODAwMDAwMDAwMDAwLCJkZWxldGUiOjE4MDAwMDAwMDAwMDAsInJlYWQiOjMwMDAwMDAwMDAwMCwidXBkYXRlIjoxODAwMDAwMDAwMDAwfX0=",
          "dependencies": [
            "azurerm_resource_group.DD_RG",
            "azurerm_subnet.internal",
            "azurerm_virtual_network.main"
          ]
        }
      ]
    },
    {
      "mode": "managed",
      "type": "azurerm_resource_group",
      "name": "DD_RG",
      "provider": "provider[\"registry.terraform.io/hashicorp/azurerm\"]",
      "instances": [
        {
          "schema_version": 0,
          "attributes": {
            "id": "/subscriptions/e9737076-d38e-4e5a-9a45-e211fc9d59b1/resourceGroups/DD_RG",
            "location": "westeurope",
            "name": "DD_RG",
            "tags": null,
            "timeouts": null
          },
          "sensitive_attributes": [],
          "private": "eyJlMmJmYjczMC1lY2FhLTExZTYtOGY4OC0zNDM2M2JjN2M0YzAiOnsiY3JlYXRlIjo1NDAwMDAwMDAwMDAwLCJkZWxldGUiOjU0MDAwMDAwMDAwMDAsInJlYWQiOjMwMDAwMDAwMDAwMCwidXBkYXRlIjo1NDAwMDAwMDAwMDAwfX0="
        }
      ]
    },
    {
      "mode": "managed",
      "type": "azurerm_subnet",
      "name": "internal",
      "provider": "provider[\"registry.terraform.io/hashicorp/azurerm\"]",
      "instances": [
        {
          "schema_version": 0,
          "attributes": {
            "address_prefix": "10.0.2.0/24",
            "address_prefixes": [
              "10.0.2.0/24"
            ],
            "delegation": [],
            "enforce_private_link_endpoint_network_policies": false,
            "enforce_private_link_service_network_policies": false,
            "id": "/subscriptions/e9737076-d38e-4e5a-9a45-e211fc9d59b1/resourceGroups/DD_RG/providers/Microsoft.Network/virtualNetworks/DD_Net/subnets/DD_Sub",
            "name": "DD_Sub",
            "resource_group_name": "DD_RG",
            "service_endpoint_policy_ids": null,
            "service_endpoints": null,
            "timeouts": null,
            "virtual_network_name": "DD_Net"
          },
          "sensitive_attributes": [],
          "private": "eyJlMmJmYjczMC1lY2FhLTExZTYtOGY4OC0zNDM2M2JjN2M0YzAiOnsiY3JlYXRlIjoxODAwMDAwMDAwMDAwLCJkZWxldGUiOjE4MDAwMDAwMDAwMDAsInJlYWQiOjMwMDAwMDAwMDAwMCwidXBkYXRlIjoxODAwMDAwMDAwMDAwfX0=",
          "dependencies": [
            "azurerm_resource_group.DD_RG",
            "azurerm_virtual_network.main"
          ]
        }
      ]
    },
    {
      "mode": "managed",
      "type": "azurerm_virtual_machine",
      "name": "main",
      "provider": "provider[\"registry.terraform.io/hashicorp/azurerm\"]",
      "instances": [
        {
          "schema_version": 0,
          "attributes": {
            "additional_capabilities": [],
            "availability_set_id": null,
            "boot_diagnostics": [],
            "delete_data_disks_on_termination": false,
            "delete_os_disk_on_termination": false,
            "id": "/subscriptions/e9737076-d38e-4e5a-9a45-e211fc9d59b1/resourceGroups/DD_RG/providers/Microsoft.Compute/virtualMachines/DD_Vm",
            "identity": [],
            "license_type": null,
            "location": "westeurope",
            "name": "DD_Vm",
            "network_interface_ids": [
              "/subscriptions/e9737076-d38e-4e5a-9a45-e211fc9d59b1/resourceGroups/DD_RG/providers/Microsoft.Network/networkInterfaces/DD_Nic"
            ],
            "os_profile": [
              {
                "admin_password": "",
                "admin_username": "sysadmin",
                "computer_name": "hostname",
                "custom_data": ""
              }
            ],
            "os_profile_linux_config": [
              {
                "disable_password_authentication": false,
                "ssh_keys": []
              }
            ],
            "os_profile_secrets": [],
            "os_profile_windows_config": [],
            "plan": [
              {
                "name": "ddve-60-ver-7305",
                "product": "dell-emc-datadomain-virtual-edition-v4",
                "publisher": "dellemc"
              }
            ],
            "primary_network_interface_id": null,
            "proximity_placement_group_id": null,
            "resource_group_name": "DD_RG",
            "storage_data_disk": [
              {
                "caching": "None",
                "create_option": "FromImage",
                "disk_size_gb": 10,
                "lun": 0,
                "managed_disk_id": "/subscriptions/e9737076-d38e-4e5a-9a45-e211fc9d59b1/resourceGroups/DD_RG/providers/Microsoft.Compute/disks/DD_Vm_lun_0_2_e8b045adb0894b7a84d54f127ac324e1",
                "managed_disk_type": "Premium_LRS",
                "name": "DD_Vm_lun_0_2_e8b045adb0894b7a84d54f127ac324e1",
                "vhd_uri": "",
                "write_accelerator_enabled": false
              }
            ],
            "storage_image_reference": [
              {
                "id": "",
                "offer": "dell-emc-datadomain-virtual-edition-v4",
                "publisher": "dellemc",
                "sku": "ddve-60-ver-7305",
                "version": "latest"
              }
            ],
            "storage_os_disk": [
              {
                "caching": "ReadWrite",
                "create_option": "FromImage",
                "disk_size_gb": 250,
                "image_uri": "",
                "managed_disk_id": "/subscriptions/e9737076-d38e-4e5a-9a45-e211fc9d59b1/resourceGroups/DD_RG/providers/Microsoft.Compute/disks/myosdisk1",
                "managed_disk_type": "Standard_LRS",
                "name": "myosdisk1",
                "os_type": "Linux",
                "vhd_uri": "",
                "write_accelerator_enabled": false
              }
            ],
            "tags": {
              "environment": "staging"
            },
            "timeouts": null,
            "vm_size": "Standard_DS1_v2",
            "zones": null
          },
          "sensitive_attributes": [],
          "private": "eyJlMmJmYjczMC1lY2FhLTExZTYtOGY4OC0zNDM2M2JjN2M0YzAiOnsiY3JlYXRlIjozNjAwMDAwMDAwMDAwLCJkZWxldGUiOjM2MDAwMDAwMDAwMDAsInJlYWQiOjMwMDAwMDAwMDAwMCwidXBkYXRlIjozNjAwMDAwMDAwMDAwfX0=",
          "dependencies": [
            "azurerm_network_interface.main",
            "azurerm_resource_group.DD_RG",
            "azurerm_subnet.internal",
            "azurerm_virtual_network.main"
          ]
        }
      ]
    },
    {
      "mode": "managed",
      "type": "azurerm_virtual_network",
      "name": "main",
      "provider": "provider[\"registry.terraform.io/hashicorp/azurerm\"]",
      "instances": [
        {
          "schema_version": 0,
          "attributes": {
            "address_space": [
              "10.0.0.0/16"
            ],
            "bgp_community": "",
            "ddos_protection_plan": [],
            "dns_servers": [],
            "flow_timeout_in_minutes": 0,
            "guid": "6a451f05-36f4-418d-86d8-a29cce98772a",
            "id": "/subscriptions/e9737076-d38e-4e5a-9a45-e211fc9d59b1/resourceGroups/DD_RG/providers/Microsoft.Network/virtualNetworks/DD_Net",
            "location": "westeurope",
            "name": "DD_Net",
            "resource_group_name": "DD_RG",
            "subnet": [],
            "tags": null,
            "timeouts": null,
            "vm_protection_enabled": false
          },
          "sensitive_attributes": [],
          "private": "eyJlMmJmYjczMC1lY2FhLTExZTYtOGY4OC0zNDM2M2JjN2M0YzAiOnsiY3JlYXRlIjoxODAwMDAwMDAwMDAwLCJkZWxldGUiOjE4MDAwMDAwMDAwMDAsInJlYWQiOjMwMDAwMDAwMDAwMCwidXBkYXRlIjoxODAwMDAwMDAwMDAwfX0=",
          "dependencies": [
            "azurerm_resource_group.DD_RG"
          ]
        }
      ]
    }
  ]
}
