{
  "version": 4,
  "terraform_version": "1.1.3",
  "serial": 73,
  "lineage": "177e198f-e838-45e4-12b9-abe41aa18ae4",
  "outputs": {},
  "resources": [
    {
      "mode": "data",
      "type": "azurerm_resource_group",
      "name": "example",
      "provider": "provider[\"registry.terraform.io/hashicorp/azurerm\"]",
      "instances": [
        {
          "schema_version": 0,
          "attributes": {
            "id": "/subscriptions/e9737076-d38e-4e5a-9a45-e211fc9d59b1/resourceGroups/sanu",
            "location": "eastus",
            "name": "sanu",
            "tags": {},
            "timeouts": null
          },
          "sensitive_attributes": []
        }
      ]
    },
    {
      "mode": "data",
      "type": "azurerm_subnet",
      "name": "example",
      "provider": "provider[\"registry.terraform.io/hashicorp/azurerm\"]",
      "instances": [
        {
          "schema_version": 0,
          "attributes": {
            "address_prefix": "10.1.1.0/24",
            "address_prefixes": [
              "10.1.1.0/24"
            ],
            "enforce_private_link_endpoint_network_policies": false,
            "enforce_private_link_service_network_policies": false,
            "id": "/subscriptions/e9737076-d38e-4e5a-9a45-e211fc9d59b1/resourceGroups/sanu/providers/Microsoft.Network/virtualNetworks/sanu/subnets/sanu",
            "name": "sanu",
            "network_security_group_id": "",
            "resource_group_name": "sanu",
            "route_table_id": "",
            "service_endpoints": [],
            "timeouts": null,
            "virtual_network_name": "sanu"
          },
          "sensitive_attributes": []
        }
      ]
    },
    {
      "mode": "managed",
      "type": "azurerm_network_interface",
      "name": "main",
      "provider": "provider[\"registry.terraform.io/hashicorp/azurerm\"]",
      "instances": [
        {
          "schema_version": 0,
          "attributes": {
            "applied_dns_servers": [],
            "dns_servers": [],
            "enable_accelerated_networking": false,
            "enable_ip_forwarding": false,
            "id": "/subscriptions/e9737076-d38e-4e5a-9a45-e211fc9d59b1/resourceGroups/sanu/providers/Microsoft.Network/networkInterfaces/dasfsadf",
            "internal_dns_name_label": "",
            "internal_domain_name_suffix": "",
            "ip_configuration": [
              {
                "gateway_load_balancer_frontend_ip_configuration_id": "",
                "name": "testconfiguration1",
                "primary": true,
                "private_ip_address": "10.1.1.4",
                "private_ip_address_allocation": "Dynamic",
                "private_ip_address_version": "IPv4",
                "public_ip_address_id": "",
                "subnet_id": "/subscriptions/e9737076-d38e-4e5a-9a45-e211fc9d59b1/resourceGroups/sanu/providers/Microsoft.Network/virtualNetworks/sanu/subnets/sanu"
              }
            ],
            "location": "eastus",
            "mac_address": "00-0D-3A-54-B4-48",
            "name": "dasfsadf",
            "private_ip_address": "10.1.1.4",
            "private_ip_addresses": [
              "10.1.1.4"
            ],
            "resource_group_name": "sanu",
            "tags": {},
            "timeouts": null,
            "virtual_machine_id": "/subscriptions/e9737076-d38e-4e5a-9a45-e211fc9d59b1/resourceGroups/sanu/providers/Microsoft.Compute/virtualMachines/adfasfd"
          },
          "sensitive_attributes": [],
          "private": "eyJlMmJmYjczMC1lY2FhLTExZTYtOGY4OC0zNDM2M2JjN2M0YzAiOnsiY3JlYXRlIjoxODAwMDAwMDAwMDAwLCJkZWxldGUiOjE4MDAwMDAwMDAwMDAsInJlYWQiOjMwMDAwMDAwMDAwMCwidXBkYXRlIjoxODAwMDAwMDAwMDAwfX0=",
          "dependencies": [
            "data.azurerm_resource_group.example",
            "data.azurerm_subnet.example"
          ]
        }
      ]
    },
    {
      "mode": "managed",
      "type": "azurerm_virtual_machine",
      "name": "main",
      "provider": "provider[\"registry.terraform.io/hashicorp/azurerm\"]",
      "instances": [
        {
          "schema_version": 0,
          "attributes": {
            "additional_capabilities": [],
            "availability_set_id": null,
            "boot_diagnostics": [],
            "delete_data_disks_on_termination": false,
            "delete_os_disk_on_termination": false,
            "id": "/subscriptions/e9737076-d38e-4e5a-9a45-e211fc9d59b1/resourceGroups/sanu/providers/Microsoft.Compute/virtualMachines/adfasfd",
            "identity": [],
            "license_type": null,
            "location": "eastus",
            "name": "adfasfd",
            "network_interface_ids": [
              "/subscriptions/e9737076-d38e-4e5a-9a45-e211fc9d59b1/resourceGroups/sanu/providers/Microsoft.Network/networkInterfaces/dasfsadf"
            ],
            "os_profile": [
              {
                "admin_password": "",
                "admin_username": "testadmin",
                "computer_name": "hostname",
                "custom_data": ""
              }
            ],
            "os_profile_linux_config": [
              {
                "disable_password_authentication": false,
                "ssh_keys": []
              }
            ],
            "os_profile_secrets": [],
            "os_profile_windows_config": [],
            "plan": [
              {
                "name": "avamar-virtual-edition-1940",
                "product": "dell-emc-avamar-virtual-edition",
                "publisher": "dellemc"
              }
            ],
            "primary_network_interface_id": null,
            "proximity_placement_group_id": null,
            "resource_group_name": "sanu",
            "storage_data_disk": [],
            "storage_image_reference": [
              {
                "id": "",
                "offer": "dell-emc-avamar-virtual-edition",
                "publisher": "dellemc",
                "sku": "avamar-virtual-edition-1940",
                "version": "latest"
              }
            ],
            "storage_os_disk": [
              {
                "caching": "ReadWrite",
                "create_option": "FromImage",
                "disk_size_gb": 180,
                "image_uri": "",
                "managed_disk_id": "/subscriptions/e9737076-d38e-4e5a-9a45-e211fc9d59b1/resourceGroups/sanu/providers/Microsoft.Compute/disks/asdfasdf",
                "managed_disk_type": "Standard_LRS",
                "name": "asdfasdf",
                "os_type": "Linux",
                "vhd_uri": "",
                "write_accelerator_enabled": false
              }
            ],
            "tags": {
              "environment": "staging"
            },
            "timeouts": null,
            "vm_size": "Standard_DS1_v2",
            "zones": []
          },
          "sensitive_attributes": [],
          "private": "eyJlMmJmYjczMC1lY2FhLTExZTYtOGY4OC0zNDM2M2JjN2M0YzAiOnsiY3JlYXRlIjozNjAwMDAwMDAwMDAwLCJkZWxldGUiOjM2MDAwMDAwMDAwMDAsInJlYWQiOjMwMDAwMDAwMDAwMCwidXBkYXRlIjozNjAwMDAwMDAwMDAwfX0=",
          "dependencies": [
            "azurerm_network_interface.main",
            "data.azurerm_resource_group.example",
            "data.azurerm_subnet.example"
          ]
        }
      ]
    }
  ]
}
